<?xml version="1.0" encoding="utf-8"?>
<Project ToolsVersion="4.0" xmlns="http://schemas.microsoft.com/developer/msbuild/2003">
  <ItemGroup>
    <ClInclude Include="CCDExamp.h">
      <Filter>Header Files</Filter>
    </ClInclude>
    <ClInclude Include="Resource.h">
      <Filter>Header Files</Filter>
    </ClInclude>
    <ClInclude Include="..\shared_src\CCDCTL.H">
      <Filter>Header Files</Filter>
    </ClInclude>
    <ClInclude Include="..\shared_src\lscpciej_lib.h">
      <Filter>Header Files</Filter>
    </ClInclude>
    <ClInclude Include="..\shared_src\Board.h">
      <Filter>Header Files</Filter>
    </ClInclude>
    <ClInclude Include="Global.h">
      <Filter>Header Files</Filter>
    </ClInclude>
    <ClInclude Include="CCDUnit.h">
      <Filter>Header Files</Filter>
    </ClInclude>
    <ClInclude Include="..\shared_src\Board_ll.h">
      <Filter>Header Files</Filter>
    </ClInclude>
    <ClInclude Include="..\shared_src\UIAbstractionLayer.h">
      <Filter>Header Files</Filter>
    </ClInclude>
    <ClInclude Include="..\shared_src\enum.h">
      <Filter>Header Files</Filter>
    </ClInclude>
    <ClInclude Include="..\shared_src\struct.h">
      <Filter>Header Files</Filter>
    </ClInclude>
  </ItemGroup>
  <ItemGroup>
    <ResourceCompile Include="CCDExamp.rc" />
  </ItemGroup>
  <ItemGroup>
    <Text Include="readme.txt" />
  </ItemGroup>
  <ItemGroup>
    <Filter Include="Header Files">
      <UniqueIdentifier>{bbf147d2-c172-469d-a20d-b32a7b2b0553}</UniqueIdentifier>
      <Extensions>h;hpp;hxx;hm;inl;inc;xsd</Extensions>
    </Filter>
    <Filter Include="Source Files">
      <UniqueIdentifier>{e4cdb0fd-2243-45ca-8559-27f5a0bcf548}</UniqueIdentifier>
      <Extensions>cpp;c;cc;cxx;def;odl;idl;hpj;bat;asm;asmx</Extensions>
    </Filter>
  </ItemGroup>
  <ItemGroup>
    <ClCompile Include="CCDExamp.c">
      <Filter>Source Files</Filter>
    </ClCompile>
    <ClCompile Include="..\shared_src\lscpciej_lib.c">
      <Filter>Source Files</Filter>
    </ClCompile>
    <ClCompile Include="..\shared_src\Board.c">
      <Filter>Source Files</Filter>
    </ClCompile>
    <ClCompile Include="CCDUnit.c">
      <Filter>Source Files</Filter>
    </ClCompile>
    <ClCompile Include="Global.c">
      <Filter>Source Files</Filter>
    </ClCompile>
    <ClCompile Include="..\shared_src\Board_ll.c">
      <Filter>Source Files</Filter>
    </ClCompile>
    <ClCompile Include="UIAbstractionLayer.c">
      <Filter>Source Files</Filter>
    </ClCompile>
  </ItemGroup>
  <ItemGroup>
    <Image Include="..\shared_src\CCD.ico" />
  </ItemGroup>
</Project>