<?xml version="1.0" encoding="utf-8"?>
<Project xmlns="http://schemas.microsoft.com/developer/msbuild/2003">
  <ItemGroup>
    <Filter Include="Form Files">
      <UniqueIdentifier>{99349809-55BA-4b9d-BF79-8FDBB0286EB3}</UniqueIdentifier>
      <Extensions>ui</Extensions>
      <ParseFiles>false</ParseFiles>
    </Filter>
    <Filter Include="Form Files">
      <UniqueIdentifier>{99349809-55BA-4b9d-BF79-8FDBB0286EB3}</UniqueIdentifier>
      <Extensions>ui</Extensions>
      <ParseFiles>false</ParseFiles>
    </Filter>
    <Filter Include="Generated Files">
      <UniqueIdentifier>{71ED8ED8-ACB9-4CE9-BBE1-E00B30144E11}</UniqueIdentifier>
      <Extensions>cpp;c;cxx;moc;h;def;odl;idl;res;</Extensions>
    </Filter>
    <Filter Include="Generated Files">
      <UniqueIdentifier>{71ED8ED8-ACB9-4CE9-BBE1-E00B30144E11}</UniqueIdentifier>
      <Extensions>cpp;c;cxx;moc;h;def;odl;idl;res;</Extensions>
    </Filter>
    <Filter Include="Header Files">
      <UniqueIdentifier>{93995380-89BD-4b04-88EB-625FBE52EBFB}</UniqueIdentifier>
      <Extensions>h;hpp;hxx;hm;inl;inc;xsd</Extensions>
    </Filter>
    <Filter Include="Header Files">
      <UniqueIdentifier>{93995380-89BD-4b04-88EB-625FBE52EBFB}</UniqueIdentifier>
      <Extensions>h;hpp;hxx;hm;inl;inc;xsd</Extensions>
    </Filter>
    <Filter Include="Source Files">
      <UniqueIdentifier>{4FC737F1-C7A5-4376-A066-2A32D752A2FF}</UniqueIdentifier>
      <Extensions>cpp;c;cxx;def;odl;idl;hpj;bat;asm;asmx</Extensions>
    </Filter>
    <Filter Include="Source Files">
      <UniqueIdentifier>{4FC737F1-C7A5-4376-A066-2A32D752A2FF}</UniqueIdentifier>
      <Extensions>cpp;c;cxx;def;odl;idl;hpj;bat;asm;asmx</Extensions>
    </Filter>
    <Filter Include="Distribution Files">
      <UniqueIdentifier>{B83CAF91-C7BF-462F-B76C-EA11631F866C}</UniqueIdentifier>
      <Extensions>*</Extensions>
      <ParseFiles>false</ParseFiles>
    </Filter>
    <Filter Include="Distribution Files">
      <UniqueIdentifier>{B83CAF91-C7BF-462F-B76C-EA11631F866C}</UniqueIdentifier>
      <Extensions>*</Extensions>
      <ParseFiles>false</ParseFiles>
    </Filter>
  </ItemGroup>
  <ItemGroup>
    <ClCompile Include="hooks.cpp">
      <Filter>Source Files</Filter>
    </ClCompile>
    <ClCompile Include="dialogsettings.cpp">
      <Filter>Source Files</Filter>
    </ClCompile>
    <ClCompile Include="..\shared_src\es_status_codes.c">
      <Filter>Source Files</Filter>
    </ClCompile>
    <ClCompile Include="lsc-gui.cpp">
      <Filter>Source Files</Filter>
    </ClCompile>
    <ClCompile Include="lsc.cpp">
      <Filter>Source Files</Filter>
    </ClCompile>
    <ClCompile Include="mainwindow.cpp">
      <Filter>Source Files</Filter>
    </ClCompile>
    <ClCompile Include="myqspinbox.cpp">
      <Filter>Source Files</Filter>
    </ClCompile>
    <ClCompile Include="myqchartview.cpp">
      <Filter>Source Files</Filter>
    </ClCompile>
    <ClCompile Include="dialogrms.cpp">
      <Filter>Source Files</Filter>
    </ClCompile>
    <ClCompile Include="dialogdsc.cpp">
      <Filter>Source Files</Filter>
    </ClCompile>
    <ClCompile Include="dialogdac.cpp">
      <Filter>Source Files</Filter>
    </ClCompile>
    <ClCompile Include="dialogioctrl.cpp">
      <Filter>Source Files</Filter>
    </ClCompile>
    <ClCompile Include="camerasettingswidget.cpp">
      <Filter>Source Files</Filter>
    </ClCompile>
    <ClCompile Include="dialogspecialpixels.cpp">
      <Filter>Source Files</Filter>
    </ClCompile>
    <ClCompile Include="dialoggreyscalesettings.cpp">
      <Filter>Source Files</Filter>
    </ClCompile>
    <ClCompile Include="crosshairs.cpp">
      <Filter>Source Files</Filter>
    </ClCompile>
    <ClCompile Include="dialogtriggerinfo.cpp">
      <Filter>Source Files</Filter>
    </ClCompile>
    <ClCompile Include="dialogchartsettings.cpp">
      <Filter>Source Files</Filter>
    </ClCompile>
    <ClCompile Include="dialogshutter.cpp">
      <Filter>Source Files</Filter>
    </ClCompile>
  </ItemGroup>
  <ItemGroup>
    <QtMoc Include="dialogsettings.h">
      <Filter>Header Files</Filter>
    </QtMoc>
    <ClInclude Include="..\shared_src\es_status_codes.h">
      <Filter>Header Files</Filter>
    </ClInclude>
    <QtMoc Include="lsc.h">
      <Filter>Header Files</Filter>
    </QtMoc>
    <QtMoc Include="mainwindow.h">
      <Filter>Header Files</Filter>
    </QtMoc>
    <QtMoc Include="myqspinbox.h">
      <Filter>Header Files</Filter>
    </QtMoc>
    <ClInclude Include="..\shared_src\struct.h">
      <Filter>Header Files</Filter>
    </ClInclude>
    <ClInclude Include="..\shared_src\default_settings.h">
      <Filter>Header Files</Filter>
    </ClInclude>
    <ClInclude Include="lsc-gui.h">
      <Filter>Header Files</Filter>
    </ClInclude>
    <ClInclude Include="..\version.h">
      <Filter>Header Files</Filter>
    </ClInclude>
    <ClInclude Include="..\shared_src\enum_settings.h">
      <Filter>Header Files</Filter>
    </ClInclude>
    <ClInclude Include="crosshairs.h">
      <Filter>Header Files</Filter>
    </ClInclude>
    <ClInclude Include="hooks.h">
      <Filter>Header Files</Filter>
    </ClInclude>
    <ClInclude Include="..\shared_src\enum_hardware.h">
      <Filter>Header Files</Filter>
    </ClInclude>
    <QtMoc Include="dialogshutter.h">
      <Filter>Header Files</Filter>
    </QtMoc>
  </ItemGroup>
  <ItemGroup>
    <CustomBuild Include="debug\moc_predefs.h.cbt">
      <Filter>Generated Files</Filter>
    </CustomBuild>
    <CustomBuild Include="release\moc_predefs.h.cbt">
      <Filter>Generated Files</Filter>
    </CustomBuild>
  </ItemGroup>
  <ItemGroup>
    <QtUic Include="dialogsettings.ui">
      <Filter>Form Files</Filter>
    </QtUic>
    <QtUic Include="mainwindow.ui">
      <Filter>Form Files</Filter>
    </QtUic>
    <QtUic Include="dialogrms.ui">
      <Filter>Form Files</Filter>
    </QtUic>
    <QtUic Include="dialogdsc.ui">
      <Filter>Form Files</Filter>
    </QtUic>
    <QtUic Include="dialogdac.ui">
      <Filter>Form Files</Filter>
    </QtUic>
    <QtUic Include="dialogioctrl.ui">
      <Filter>Form Files</Filter>
    </QtUic>
    <QtUic Include="camerasettingswidget.ui">
      <Filter>Form Files</Filter>
    </QtUic>
    <QtUic Include="dialogspecialpixels.ui">
      <Filter>Form Files</Filter>
    </QtUic>
    <QtUic Include="dialoggreyscalesettings.ui">
      <Filter>Form Files</Filter>
    </QtUic>
    <QtUic Include="dialogtriggerinfo.ui">
      <Filter>Form Files</Filter>
    </QtUic>
    <QtUic Include="dialogchartsettings.ui">
      <Filter>Form Files</Filter>
    </QtUic>
    <QtUic Include="dialogshutter.ui">
      <Filter>Form Files</Filter>
    </QtUic>
  </ItemGroup>
  <ItemGroup>
    <None Include="LscUI.qml">
      <Filter>Distribution Files</Filter>
    </None>
    <None Include="LscUIForm.ui.qml">
      <Filter>Distribution Files</Filter>
    </None>
    <None Include="LICENSE" />
  </ItemGroup>
  <ItemGroup>
    <Image Include="..\shared_src\CCD.ico" />
  </ItemGroup>
  <ItemGroup>
    <QtMoc Include="myqchartview.h">
      <Filter>Header Files</Filter>
    </QtMoc>
    <QtMoc Include="dialogrms.h">
      <Filter>Header Files</Filter>
    </QtMoc>
    <QtMoc Include="dialogdsc.h">
      <Filter>Header Files</Filter>
    </QtMoc>
    <QtMoc Include="dialogdac.h">
      <Filter>Header Files</Filter>
    </QtMoc>
    <QtMoc Include="dialogioctrl.h">
      <Filter>Header Files</Filter>
    </QtMoc>
    <QtMoc Include="camerasettingswidget.h">
      <Filter>Header Files</Filter>
    </QtMoc>
    <QtMoc Include="dialogspecialpixels.h">
      <Filter>Header Files</Filter>
    </QtMoc>
    <QtMoc Include="dialoggreyscalesettings.h">
      <Filter>Header Files</Filter>
    </QtMoc>
    <QtMoc Include="dialogtriggerinfo.h">
      <Filter>Header Files</Filter>
    </QtMoc>
    <QtMoc Include="dialogchartsettings.h">
      <Filter>Header Files</Filter>
    </QtMoc>
  </ItemGroup>
  <ItemGroup>
    <ResourceCompile Include="escam_resource.rc" />
  </ItemGroup>
</Project>