<?xml version="1.0" encoding="utf-8"?>
<Project ToolsVersion="4.0" xmlns="http://schemas.microsoft.com/developer/msbuild/2003">
  <ItemGroup>
    <Filter Include="Source Files">
      <UniqueIdentifier>{4FC737F1-C7A5-4376-A066-2A32D752A2FF}</UniqueIdentifier>
      <Extensions>cpp;c;cc;cxx;def;odl;idl;hpj;bat;asm;asmx</Extensions>
    </Filter>
    <Filter Include="Header Files">
      <UniqueIdentifier>{93995380-89BD-4b04-88EB-625FBE52EBFB}</UniqueIdentifier>
      <Extensions>h;hpp;hxx;hm;inl;inc;xsd</Extensions>
    </Filter>
  </ItemGroup>
  <ItemGroup>
    <ClCompile Include="ESLSCDLL.c">
      <Filter>Source Files</Filter>
    </ClCompile>
    <ClCompile Include="..\Direct2dViewer.cpp">
      <Filter>Source Files</Filter>
    </ClCompile>
    <ClCompile Include="..\Direct2dViewer_c.cpp">
      <Filter>Source Files</Filter>
    </ClCompile>
  </ItemGroup>
  <ItemGroup>
    <ClInclude Include="ESLSCDLL.h">
      <Filter>Header Files</Filter>
    </ClInclude>
    <ClInclude Include="GLOBAL.H">
      <Filter>Header Files</Filter>
    </ClInclude>
    <ClInclude Include="resource.h">
      <Filter>Header Files</Filter>
    </ClInclude>
    <ClInclude Include="Jungo\kpstdlib.h">
      <Filter>Header Files</Filter>
    </ClInclude>
    <ClInclude Include="Jungo\pci_regs.h">
      <Filter>Header Files</Filter>
    </ClInclude>
    <ClInclude Include="Jungo\status_strings.h">
      <Filter>Header Files</Filter>
    </ClInclude>
    <ClInclude Include="Jungo\utils.h">
      <Filter>Header Files</Filter>
    </ClInclude>
    <ClInclude Include="Jungo\wd_kp.h">
      <Filter>Header Files</Filter>
    </ClInclude>
    <ClInclude Include="Jungo\wd_log.h">
      <Filter>Header Files</Filter>
    </ClInclude>
    <ClInclude Include="Jungo\wd_ver.h">
      <Filter>Header Files</Filter>
    </ClInclude>
    <ClInclude Include="Jungo\wdc_defs.h">
      <Filter>Header Files</Filter>
    </ClInclude>
    <ClInclude Include="Jungo\wdc_lib.h">
      <Filter>Header Files</Filter>
    </ClInclude>
    <ClInclude Include="Jungo\wdu_lib.h">
      <Filter>Header Files</Filter>
    </ClInclude>
    <ClInclude Include="Jungo\windrvr.h">
      <Filter>Header Files</Filter>
    </ClInclude>
    <ClInclude Include="Jungo\windrvr_events.h">
      <Filter>Header Files</Filter>
    </ClInclude>
    <ClInclude Include="Jungo\windrvr_hotswap.h">
      <Filter>Header Files</Filter>
    </ClInclude>
    <ClInclude Include="Jungo\windrvr_int_thread.h">
      <Filter>Header Files</Filter>
    </ClInclude>
    <ClInclude Include="Jungo\windrvr_usb.h">
      <Filter>Header Files</Filter>
    </ClInclude>
    <ClInclude Include="Jungo\bits.h">
      <Filter>Header Files</Filter>
    </ClInclude>
    <ClInclude Include="Jungo\cstring.h">
      <Filter>Header Files</Filter>
    </ClInclude>
    <ClInclude Include="..\Direct2dViewer.h">
      <Filter>Header Files</Filter>
    </ClInclude>
    <ClInclude Include="..\Direct2dViewer_c.h">
      <Filter>Header Files</Filter>
    </ClInclude>
  </ItemGroup>
  <ItemGroup>
    <Text Include="dll_description.txt" />
  </ItemGroup>
  <ItemGroup>
    <None Include="ESLSCDLL.def">
      <Filter>Source Files</Filter>
    </None>
  </ItemGroup>
  <ItemGroup>
    <ResourceCompile Include="ESLSCDLL.rc" />
  </ItemGroup>
</Project>